
Microsoft Visual Studio Solution File, Format Version 12.00
Project("{FAE04EC0-301F-11D3-BF4B-00C04F79EFBC}") = "ChessGame", "ChessGame\ChessGame.csproj", "{D5CE9BFB-EE1A-4DD2-BDE2-9D5057DEEA22}"
EndProject
Project("{FAE04EC0-301F-11D3-BF4B-00C04F79EFBC}") = "Nez.MG38", "..\..\Users\franv\OneDrive\Escritorio\Nez-master\Nez.Portable\Nez.MG38.csproj", "{E636D1A4-F4B6-4222-BD89-443DE3168261}"
EndProject
Global
	GlobalSection(SolutionConfigurationPlatforms) = preSolution
		Debug|Any CPU = Debug|Any CPU
		Release|Any CPU = Release|Any CPU
	EndGlobalSection
	GlobalSection(ProjectConfigurationPlatforms) = postSolution
		{D5CE9BFB-EE1A-4DD2-BDE2-9D5057DEEA22}.Debug|Any CPU.ActiveCfg = Debug|Any CPU
		{D5CE9BFB-EE1A-4DD2-BDE2-9D5057DEEA22}.Debug|Any CPU.Build.0 = Debug|Any CPU
		{D5CE9BFB-EE1A-4DD2-BDE2-9D5057DEEA22}.Release|Any CPU.ActiveCfg = Release|Any CPU
		{D5CE9BFB-EE1A-4DD2-BDE2-9D5057DEEA22}.Release|Any CPU.Build.0 = Release|Any CPU
		{E636D1A4-F4B6-4222-BD89-443DE3168261}.Debug|Any CPU.ActiveCfg = Debug|Any CPU
		{E636D1A4-F4B6-4222-BD89-443DE3168261}.Debug|Any CPU.Build.0 = Debug|Any CPU
		{E636D1A4-F4B6-4222-BD89-443DE3168261}.Release|Any CPU.ActiveCfg = Release|Any CPU
		{E636D1A4-F4B6-4222-BD89-443DE3168261}.Release|Any CPU.Build.0 = Release|Any CPU
	EndGlobalSection
EndGlobal
